// !$*UTF8*$!
{
	archiveVersion = 1;
	classes = {
	};
	objectVersion = 77;
	objects = {

/* Begin PBXBuildFile section */
		02EBA740C39E4A533852FAE1 /* RegisterView.swift in Sources */ = {isa = PBXBuildFile; fileRef = 6AB938F7AB47BE9E204496B5 /* RegisterView.swift */; };
		11726FF3F0276A85C78A5395 /* ForgotPasswordView.swift in Sources */ = {isa = PBXBuildFile; fileRef = E4B9A650FB15BE218C5C6CD4 /* ForgotPasswordView.swift */; };
		141E89184D2E324F6DE566AF /* FirestoreService.swift in Sources */ = {isa = PBXBuildFile; fileRef = AF9629664F52025E29FCA30B /* FirestoreService.swift */; };
		1422B48B98F65E3EA14A3D56 /* Mood.swift in Sources */ = {isa = PBXBuildFile; fileRef = 6C355C507CC89ADEDA6C964D /* Mood.swift */; };
		18113907FBC1B58ACF94AC08 /* JourneyView.swift in Sources */ = {isa = PBXBuildFile; fileRef = D0C073DC7DC73EF137A3BFD1 /* JourneyView.swift */; };
		18A2059A666638279B79EA0D /* BreathingExerciseView.swift in Sources */ = {isa = PBXBuildFile; fileRef = E3ED051EF0F34B1B82372C46 /* BreathingExerciseView.swift */; };
		1B5D8728902895A0AC8B49A2 /* Nunito-Bold.ttf in Resources */ = {isa = PBXBuildFile; fileRef = F74745676D3203A9F0926A50 /* Nunito-Bold.ttf */; };
		1E8E02D6E4B167B526609929 /* AuthContainerView.swift in Sources */ = {isa = PBXBuildFile; fileRef = 238AD69A5CFB4E21DE408940 /* AuthContainerView.swift */; };
		203F04C0250415BB7BDF5E63 /* AuthViewModel.swift in Sources */ = {isa = PBXBuildFile; fileRef = 9372639BF26CCA70E2E812DA /* AuthViewModel.swift */; };
		2444FB29D663CAFC9C396DC2 /* ActivityRepositoryImpl.swift in Sources */ = {isa = PBXBuildFile; fileRef = D10E1F1912E09F7092C18711 /* ActivityRepositoryImpl.swift */; };
		28159FA6F29C22BCB0817899 /* FirebaseAuth in Frameworks */ = {isa = PBXBuildFile; productRef = 52E8843850F1703D39A5742A /* FirebaseAuth */; };
		2962E4B9087ACA10E8658675 /* MoodRepositoryImpl.swift in Sources */ = {isa = PBXBuildFile; fileRef = C190D83D4926A610706E75B6 /* MoodRepositoryImpl.swift */; };
		297505A33562988BC0E84814 /* ActivitySuggestion.swift in Sources */ = {isa = PBXBuildFile; fileRef = B01FFCFE8D81E81C20862D88 /* ActivitySuggestion.swift */; };
		2B43549B932A9728B105BDB8 /* MockAuthRepository.swift in Sources */ = {isa = PBXBuildFile; fileRef = 25004BA0D2EBB7E258270FC5 /* MockAuthRepository.swift */; };
		2E38C7D999BD91F2A68CA707 /* BadgeItem.swift in Sources */ = {isa = PBXBuildFile; fileRef = 681D8E6BE129B0BEE084864C /* BadgeItem.swift */; };
		31EE76A8807F4DACD573266A /* HomeView.swift in Sources */ = {isa = PBXBuildFile; fileRef = EF1CB9F95D188EA8C4257E71 /* HomeView.swift */; };
		35E48E37803680CFC74F3EE9 /* ActivityCompletion.swift in Sources */ = {isa = PBXBuildFile; fileRef = 7FE3722C2D84CA66E15C17DB /* ActivityCompletion.swift */; };
		3C29FB6DEE905130C51E6D61 /* AuthRepository.swift in Sources */ = {isa = PBXBuildFile; fileRef = 38010B409F9D6788760163E7 /* AuthRepository.swift */; };
		3F69A1C77A6458EAC5A9E731 /* FirebaseFunctions in Frameworks */ = {isa = PBXBuildFile; productRef = 168B30261892F1241D350238 /* FirebaseFunctions */; };
		480C7934ED811B201871BCA0 /* Streak.swift in Sources */ = {isa = PBXBuildFile; fileRef = D3331C0CA891739678E4AEB6 /* Streak.swift */; };
		4AF706EC0DBED3B09CF1114E /* ColoringView.swift in Sources */ = {isa = PBXBuildFile; fileRef = 786937D1904046E57E7B865C /* ColoringView.swift */; };
		528F7670055ED14503510684 /* Nunito-SemiBold.ttf in Resources */ = {isa = PBXBuildFile; fileRef = 0D2192FD0EC71D4A00E2A4CE /* Nunito-SemiBold.ttf */; };
		551B541891C045792CBFFC68 /* AuthServiceProtocol.swift in Sources */ = {isa = PBXBuildFile; fileRef = C12A4C3C22D304AB5D7AC283 /* AuthServiceProtocol.swift */; };
		57B96D57B223EF487F3CB612 /* SecondaryCTA.swift in Sources */ = {isa = PBXBuildFile; fileRef = 836858CCC148B74DA956834D /* SecondaryCTA.swift */; };
		596D4354279F02513F46C7C5 /* MockAuthService.swift in Sources */ = {isa = PBXBuildFile; fileRef = B137FCAB292CBC235350A335 /* MockAuthService.swift */; };
		5B50470C7F8BCDF39DF28F2E /* ActivityRepository.swift in Sources */ = {isa = PBXBuildFile; fileRef = 82B4CE1AE96033A0A81A5F12 /* ActivityRepository.swift */; };
		5E2B59C1F0C611C2F3B53EE1 /* LocalJournalEntry.swift in Sources */ = {isa = PBXBuildFile; fileRef = DE34A9062BE5AD0CEC22777D /* LocalJournalEntry.swift */; };
		5FEA7673EB270CC5A5697BE6 /* SectionCard.swift in Sources */ = {isa = PBXBuildFile; fileRef = 3B5F09846DC193F222C64F85 /* SectionCard.swift */; };
		632A3C08C7E8A54B4438F5DD /* StatsRow.swift in Sources */ = {isa = PBXBuildFile; fileRef = BFE39580EFB64E83059659F7 /* StatsRow.swift */; };
		63B6C0FF532F80439E9926D3 /* UserRepositoryImpl.swift in Sources */ = {isa = PBXBuildFile; fileRef = CD4A999A60D22F9B24F5EA7B /* UserRepositoryImpl.swift */; };
		67FFF59B58B3738311604D9A /* CharacterSelection.swift in Sources */ = {isa = PBXBuildFile; fileRef = 6FD48E58D1ADB6723C8EFC79 /* CharacterSelection.swift */; };
		682D9A9E449453B6861A4A65 /* Dependencies.swift in Sources */ = {isa = PBXBuildFile; fileRef = AC595E134D5A09644DB35503 /* Dependencies.swift */; };
		6A1D20B328EC540ED83AD443 /* Assets.xcassets in Resources */ = {isa = PBXBuildFile; fileRef = 42ACF69203A29C7903F5BB06 /* Assets.xcassets */; };
		770523436B98B0B6C21BAA64 /* Nunito-Black.ttf in Resources */ = {isa = PBXBuildFile; fileRef = 71BA03CE4B238F110B65DBA6 /* Nunito-Black.ttf */; };
		78BA71AF4725DBAB55AF0664 /* ActivityCompleteView.swift in Sources */ = {isa = PBXBuildFile; fileRef = F531D37BEA00BD72303491CC /* ActivityCompleteView.swift */; };
		78C2FC406E4D3A90B8EC1A7B /* JournalingView.swift in Sources */ = {isa = PBXBuildFile; fileRef = 3AB4B6B148A4A488EC95F644 /* JournalingView.swift */; };
		7D37F72E8381580E48897ED3 /* TestFixtures.swift in Sources */ = {isa = PBXBuildFile; fileRef = 1077447EA73C3FBEAA2C524B /* TestFixtures.swift */; };
		7EE33FC5C9043E6DCE6006DD /* FirestoreServiceTests.swift in Sources */ = {isa = PBXBuildFile; fileRef = 1DB49C5B60960F7198CDE62F /* FirestoreServiceTests.swift */; };
		81E9CC0DB935D81208DDAD5A /* TabBarView.swift in Sources */ = {isa = PBXBuildFile; fileRef = 8787CA23442FD8F2E0B982DE /* TabBarView.swift */; };
		83C00030390BF0DAAFA24788 /* Activity.swift in Sources */ = {isa = PBXBuildFile; fileRef = 051DEC6759A876A06406DDEA /* Activity.swift */; };
		88097A0CD576C85D147E6032 /* Report.swift in Sources */ = {isa = PBXBuildFile; fileRef = 8A9FA9F9B0426528E0EBD486 /* Report.swift */; };
		884331003F1BDBE0F8FE96C6 /* CloseButton.swift in Sources */ = {isa = PBXBuildFile; fileRef = D319BB12144BD99839269FE5 /* CloseButton.swift */; };
		8BD8D94319F7324D7CC34868 /* PillTag.swift in Sources */ = {isa = PBXBuildFile; fileRef = CFF3D814DC772059425EB6C9 /* PillTag.swift */; };
		96E1BABA53862B5DBFB3C8DF /* Color+stillpoint.swift in Sources */ = {isa = PBXBuildFile; fileRef = FDBCC1BBDA30A6F39AF7DC4C /* Color+stillpoint.swift */; };
		9EFDFD47A6CDB5D2BD6CE112 /* DataIntegrationTests.swift in Sources */ = {isa = PBXBuildFile; fileRef = B6FF4DF76A06FD8D34EDB10D /* DataIntegrationTests.swift */; };
		9FEBED4BE160A3F380E14B5F /* UserRepository.swift in Sources */ = {isa = PBXBuildFile; fileRef = D90A8309DD818B3DD5BCD0C0 /* UserRepository.swift */; };
		A0C6B05ACFA48215F26550EE /* AuthTextField.swift in Sources */ = {isa = PBXBuildFile; fileRef = 725F278109258114D72A1F95 /* AuthTextField.swift */; };
		A1D3568ED1C1E918BDA7772B /* Nunito-ExtraBold.ttf in Resources */ = {isa = PBXBuildFile; fileRef = 72F4BE53E7CA8CCDD7B65FF6 /* Nunito-ExtraBold.ttf */; };
		A394E5D58812DFF275637E7F /* AuthRepositoryImpl.swift in Sources */ = {isa = PBXBuildFile; fileRef = 7BE3E461C1B2D48A52573AF5 /* AuthRepositoryImpl.swift */; };
		B00506B1EE6A390677EC2971 /* Badge.swift in Sources */ = {isa = PBXBuildFile; fileRef = 618D6278B5CEA2DA998B1638 /* Badge.swift */; };
		B7FA984BF2B2B65F6AC679C6 /* AuthService.swift in Sources */ = {isa = PBXBuildFile; fileRef = 0EB92025EEB4E3C391AFB75B /* AuthService.swift */; };
		BA86ABA43C761A5180748661 /* Font+stillpoint.swift in Sources */ = {isa = PBXBuildFile; fileRef = D01F0A30ECEF910101E1407A /* Font+stillpoint.swift */; };
		BB28F1E0AF57A3291CBF4EFA /* MoodRepository.swift in Sources */ = {isa = PBXBuildFile; fileRef = CE942CE8228973F672259FBC /* MoodRepository.swift */; };
		BB2D125A84013C47FF922226 /* SegmentedControl.swift in Sources */ = {isa = PBXBuildFile; fileRef = 493CB5462DCC9F9ABBC9DCC8 /* SegmentedControl.swift */; };
		BFA32D52DBEC9C8BB3764C9A /* PrimaryCTA.swift in Sources */ = {isa = PBXBuildFile; fileRef = 6866E05F87E746CF5B6FB45A /* PrimaryCTA.swift */; };
		C1BB46C5A36DBF5178E86C4B /* AuthRepositoryTests.swift in Sources */ = {isa = PBXBuildFile; fileRef = 40D34A74B6CD5F59F0AEEDE8 /* AuthRepositoryTests.swift */; };
		C2B8EE56618E81622B4DEF90 /* UserProfile.swift in Sources */ = {isa = PBXBuildFile; fileRef = 31C19A8B833B864FE70768E6 /* UserProfile.swift */; };
		C3068AB8DC2302A6BA2FB642 /* LoginView.swift in Sources */ = {isa = PBXBuildFile; fileRef = 71D31593FB2780AE2755143D /* LoginView.swift */; };
		C5ED755B927EE26FF0CE6C0B /* ScheduleView.swift in Sources */ = {isa = PBXBuildFile; fileRef = 541BEB226C245E58F06836C0 /* ScheduleView.swift */; };
		C92D045543013989829AC63C /* Nunito-Regular.ttf in Resources */ = {isa = PBXBuildFile; fileRef = FDC7A286EBFD9E5102BA31BA /* Nunito-Regular.ttf */; };
		CB81293F2CE7CDAE63B5D9DC /* AuthViewModelTests.swift in Sources */ = {isa = PBXBuildFile; fileRef = 7804420B04ABD478B3D6EFDC /* AuthViewModelTests.swift */; };
		D057BC9A39AEDA2EF2C31D2A /* FirebaseFirestore in Frameworks */ = {isa = PBXBuildFile; productRef = 3F9472D036C2EEDC9D974875 /* FirebaseFirestore */; };
		D08699B2326A8F864BE0CA7E /* ContentView.swift in Sources */ = {isa = PBXBuildFile; fileRef = 303A1BDDFF848BDA08B6B117 /* ContentView.swift */; };
		D486866B12E394517D235476 /* XPBadge.swift in Sources */ = {isa = PBXBuildFile; fileRef = FD8B41DE63BF8CDC2F81417E /* XPBadge.swift */; };
		D5561640664CAF7741197AA2 /* DeepFocusView.swift in Sources */ = {isa = PBXBuildFile; fileRef = 96743A4A9416FB42BE939477 /* DeepFocusView.swift */; };
		DA0CC4C97E4A50F1C528C24E /* AuthIntegrationTests.swift in Sources */ = {isa = PBXBuildFile; fileRef = ECA8B6712053AD7B681AAE1E /* AuthIntegrationTests.swift */; };
		DFD1AA6ED9CAABE542B195C5 /* DesignConstants.swift in Sources */ = {isa = PBXBuildFile; fileRef = DB815D617329D377C5FAA65B /* DesignConstants.swift */; };
		E34269D82CBDC7E54F73C0D9 /* ActivityCard.swift in Sources */ = {isa = PBXBuildFile; fileRef = C3FA5EE8C52D6F623CE48829 /* ActivityCard.swift */; };
		E68639D7D80CC931725C8971 /* GamificationStatus.swift in Sources */ = {isa = PBXBuildFile; fileRef = 27A64B1B855E6938F96C120B /* GamificationStatus.swift */; };
		E746E280FFA7394114E16FE7 /* GoogleService-Info.plist in Resources */ = {isa = PBXBuildFile; fileRef = E246BCD68BCA9ED728C7757B /* GoogleService-Info.plist */; };
		F10F656F5079442277A80FCB /* ProfileView.swift in Sources */ = {isa = PBXBuildFile; fileRef = 452754C7956698AEBFAB7BA1 /* ProfileView.swift */; };
		FAFFE0998C6BB1927EC18BE9 /* stillpointApp.swift in Sources */ = {isa = PBXBuildFile; fileRef = 38D10B76F207E12556E58B3E /* stillpointApp.swift */; };
/* End PBXBuildFile section */

/* Begin PBXContainerItemProxy section */
		020B729CC3027DB14EF49C87 /* PBXContainerItemProxy */ = {
			isa = PBXContainerItemProxy;
			containerPortal = 965F1393E8C514FF25C5A58A /* Project object */;
			proxyType = 1;
			remoteGlobalIDString = A299C31EADB5EB2D1AE3AA68;
			remoteInfo = stillpoint;
		};
/* End PBXContainerItemProxy section */

/* Begin PBXFileReference section */
		051DEC6759A876A06406DDEA /* Activity.swift */ = {isa = PBXFileReference; lastKnownFileType = sourcecode.swift; path = Activity.swift; sourceTree = "<group>"; };
		0D2192FD0EC71D4A00E2A4CE /* Nunito-SemiBold.ttf */ = {isa = PBXFileReference; lastKnownFileType = file; path = "Nunito-SemiBold.ttf"; sourceTree = "<group>"; };
		0EB92025EEB4E3C391AFB75B /* AuthService.swift */ = {isa = PBXFileReference; lastKnownFileType = sourcecode.swift; path = AuthService.swift; sourceTree = "<group>"; };
		1077447EA73C3FBEAA2C524B /* TestFixtures.swift */ = {isa = PBXFileReference; lastKnownFileType = sourcecode.swift; path = TestFixtures.swift; sourceTree = "<group>"; };
		1DB49C5B60960F7198CDE62F /* FirestoreServiceTests.swift */ = {isa = PBXFileReference; lastKnownFileType = sourcecode.swift; path = FirestoreServiceTests.swift; sourceTree = "<group>"; };
		238AD69A5CFB4E21DE408940 /* AuthContainerView.swift */ = {isa = PBXFileReference; lastKnownFileType = sourcecode.swift; path = AuthContainerView.swift; sourceTree = "<group>"; };
		25004BA0D2EBB7E258270FC5 /* MockAuthRepository.swift */ = {isa = PBXFileReference; lastKnownFileType = sourcecode.swift; path = MockAuthRepository.swift; sourceTree = "<group>"; };
		27A64B1B855E6938F96C120B /* GamificationStatus.swift */ = {isa = PBXFileReference; lastKnownFileType = sourcecode.swift; path = GamificationStatus.swift; sourceTree = "<group>"; };
		303A1BDDFF848BDA08B6B117 /* ContentView.swift */ = {isa = PBXFileReference; lastKnownFileType = sourcecode.swift; path = ContentView.swift; sourceTree = "<group>"; };
		31C19A8B833B864FE70768E6 /* UserProfile.swift */ = {isa = PBXFileReference; lastKnownFileType = sourcecode.swift; path = UserProfile.swift; sourceTree = "<group>"; };
		38010B409F9D6788760163E7 /* AuthRepository.swift */ = {isa = PBXFileReference; lastKnownFileType = sourcecode.swift; path = AuthRepository.swift; sourceTree = "<group>"; };
		38D10B76F207E12556E58B3E /* stillpointApp.swift */ = {isa = PBXFileReference; lastKnownFileType = sourcecode.swift; path = stillpointApp.swift; sourceTree = "<group>"; };
		3AB4B6B148A4A488EC95F644 /* JournalingView.swift */ = {isa = PBXFileReference; lastKnownFileType = sourcecode.swift; path = JournalingView.swift; sourceTree = "<group>"; };
		3B5F09846DC193F222C64F85 /* SectionCard.swift */ = {isa = PBXFileReference; lastKnownFileType = sourcecode.swift; path = SectionCard.swift; sourceTree = "<group>"; };
		40D34A74B6CD5F59F0AEEDE8 /* AuthRepositoryTests.swift */ = {isa = PBXFileReference; lastKnownFileType = sourcecode.swift; path = AuthRepositoryTests.swift; sourceTree = "<group>"; };
		42ACF69203A29C7903F5BB06 /* Assets.xcassets */ = {isa = PBXFileReference; lastKnownFileType = folder.assetcatalog; path = Assets.xcassets; sourceTree = "<group>"; };
		452754C7956698AEBFAB7BA1 /* ProfileView.swift */ = {isa = PBXFileReference; lastKnownFileType = sourcecode.swift; path = ProfileView.swift; sourceTree = "<group>"; };
		493CB5462DCC9F9ABBC9DCC8 /* SegmentedControl.swift */ = {isa = PBXFileReference; lastKnownFileType = sourcecode.swift; path = SegmentedControl.swift; sourceTree = "<group>"; };
		541BEB226C245E58F06836C0 /* ScheduleView.swift */ = {isa = PBXFileReference; lastKnownFileType = sourcecode.swift; path = ScheduleView.swift; sourceTree = "<group>"; };
		618D6278B5CEA2DA998B1638 /* Badge.swift */ = {isa = PBXFileReference; lastKnownFileType = sourcecode.swift; path = Badge.swift; sourceTree = "<group>"; };
		681D8E6BE129B0BEE084864C /* BadgeItem.swift */ = {isa = PBXFileReference; lastKnownFileType = sourcecode.swift; path = BadgeItem.swift; sourceTree = "<group>"; };
		6866E05F87E746CF5B6FB45A /* PrimaryCTA.swift */ = {isa = PBXFileReference; lastKnownFileType = sourcecode.swift; path = PrimaryCTA.swift; sourceTree = "<group>"; };
		6AB938F7AB47BE9E204496B5 /* RegisterView.swift */ = {isa = PBXFileReference; lastKnownFileType = sourcecode.swift; path = RegisterView.swift; sourceTree = "<group>"; };
		6C355C507CC89ADEDA6C964D /* Mood.swift */ = {isa = PBXFileReference; lastKnownFileType = sourcecode.swift; path = Mood.swift; sourceTree = "<group>"; };
		6FD48E58D1ADB6723C8EFC79 /* CharacterSelection.swift */ = {isa = PBXFileReference; lastKnownFileType = sourcecode.swift; path = CharacterSelection.swift; sourceTree = "<group>"; };
		71BA03CE4B238F110B65DBA6 /* Nunito-Black.ttf */ = {isa = PBXFileReference; lastKnownFileType = file; path = "Nunito-Black.ttf"; sourceTree = "<group>"; };
		71D31593FB2780AE2755143D /* LoginView.swift */ = {isa = PBXFileReference; lastKnownFileType = sourcecode.swift; path = LoginView.swift; sourceTree = "<group>"; };
		725F278109258114D72A1F95 /* AuthTextField.swift */ = {isa = PBXFileReference; lastKnownFileType = sourcecode.swift; path = AuthTextField.swift; sourceTree = "<group>"; };
		72F4BE53E7CA8CCDD7B65FF6 /* Nunito-ExtraBold.ttf */ = {isa = PBXFileReference; lastKnownFileType = file; path = "Nunito-ExtraBold.ttf"; sourceTree = "<group>"; };
		7804420B04ABD478B3D6EFDC /* AuthViewModelTests.swift */ = {isa = PBXFileReference; lastKnownFileType = sourcecode.swift; path = AuthViewModelTests.swift; sourceTree = "<group>"; };
		786937D1904046E57E7B865C /* ColoringView.swift */ = {isa = PBXFileReference; lastKnownFileType = sourcecode.swift; path = ColoringView.swift; sourceTree = "<group>"; };
		7BB9F27743EEC556E647ECED /* stillpoint.app */ = {isa = PBXFileReference; includeInIndex = 0; lastKnownFileType = wrapper.application; path = stillpoint.app; sourceTree = BUILT_PRODUCTS_DIR; };
		7BE3E461C1B2D48A52573AF5 /* AuthRepositoryImpl.swift */ = {isa = PBXFileReference; lastKnownFileType = sourcecode.swift; path = AuthRepositoryImpl.swift; sourceTree = "<group>"; };
		7FE3722C2D84CA66E15C17DB /* ActivityCompletion.swift */ = {isa = PBXFileReference; lastKnownFileType = sourcecode.swift; path = ActivityCompletion.swift; sourceTree = "<group>"; };
		82B4CE1AE96033A0A81A5F12 /* ActivityRepository.swift */ = {isa = PBXFileReference; lastKnownFileType = sourcecode.swift; path = ActivityRepository.swift; sourceTree = "<group>"; };
		836858CCC148B74DA956834D /* SecondaryCTA.swift */ = {isa = PBXFileReference; lastKnownFileType = sourcecode.swift; path = SecondaryCTA.swift; sourceTree = "<group>"; };
		8787CA23442FD8F2E0B982DE /* TabBarView.swift */ = {isa = PBXFileReference; lastKnownFileType = sourcecode.swift; path = TabBarView.swift; sourceTree = "<group>"; };
		8A9FA9F9B0426528E0EBD486 /* Report.swift */ = {isa = PBXFileReference; lastKnownFileType = sourcecode.swift; path = Report.swift; sourceTree = "<group>"; };
		9372639BF26CCA70E2E812DA /* AuthViewModel.swift */ = {isa = PBXFileReference; lastKnownFileType = sourcecode.swift; path = AuthViewModel.swift; sourceTree = "<group>"; };
		96743A4A9416FB42BE939477 /* DeepFocusView.swift */ = {isa = PBXFileReference; lastKnownFileType = sourcecode.swift; path = DeepFocusView.swift; sourceTree = "<group>"; };
		AAADA6C5D252DB3122C1615F /* stillpointTests.xctest */ = {isa = PBXFileReference; includeInIndex = 0; lastKnownFileType = wrapper.cfbundle; path = stillpointTests.xctest; sourceTree = BUILT_PRODUCTS_DIR; };
		AC595E134D5A09644DB35503 /* Dependencies.swift */ = {isa = PBXFileReference; lastKnownFileType = sourcecode.swift; path = Dependencies.swift; sourceTree = "<group>"; };
		AF9629664F52025E29FCA30B /* FirestoreService.swift */ = {isa = PBXFileReference; lastKnownFileType = sourcecode.swift; path = FirestoreService.swift; sourceTree = "<group>"; };
		B01FFCFE8D81E81C20862D88 /* ActivitySuggestion.swift */ = {isa = PBXFileReference; lastKnownFileType = sourcecode.swift; path = ActivitySuggestion.swift; sourceTree = "<group>"; };
		B137FCAB292CBC235350A335 /* MockAuthService.swift */ = {isa = PBXFileReference; lastKnownFileType = sourcecode.swift; path = MockAuthService.swift; sourceTree = "<group>"; };
		B6FF4DF76A06FD8D34EDB10D /* DataIntegrationTests.swift */ = {isa = PBXFileReference; lastKnownFileType = sourcecode.swift; path = DataIntegrationTests.swift; sourceTree = "<group>"; };
		BFE39580EFB64E83059659F7 /* StatsRow.swift */ = {isa = PBXFileReference; lastKnownFileType = sourcecode.swift; path = StatsRow.swift; sourceTree = "<group>"; };
		C12A4C3C22D304AB5D7AC283 /* AuthServiceProtocol.swift */ = {isa = PBXFileReference; lastKnownFileType = sourcecode.swift; path = AuthServiceProtocol.swift; sourceTree = "<group>"; };
		C190D83D4926A610706E75B6 /* MoodRepositoryImpl.swift */ = {isa = PBXFileReference; lastKnownFileType = sourcecode.swift; path = MoodRepositoryImpl.swift; sourceTree = "<group>"; };
		C34AF8DC591E1B4850F8BE4B /* Info.plist */ = {isa = PBXFileReference; lastKnownFileType = text.plist; path = Info.plist; sourceTree = "<group>"; };
		C3FA5EE8C52D6F623CE48829 /* ActivityCard.swift */ = {isa = PBXFileReference; lastKnownFileType = sourcecode.swift; path = ActivityCard.swift; sourceTree = "<group>"; };
		CD4A999A60D22F9B24F5EA7B /* UserRepositoryImpl.swift */ = {isa = PBXFileReference; lastKnownFileType = sourcecode.swift; path = UserRepositoryImpl.swift; sourceTree = "<group>"; };
		CE942CE8228973F672259FBC /* MoodRepository.swift */ = {isa = PBXFileReference; lastKnownFileType = sourcecode.swift; path = MoodRepository.swift; sourceTree = "<group>"; };
		CFF3D814DC772059425EB6C9 /* PillTag.swift */ = {isa = PBXFileReference; lastKnownFileType = sourcecode.swift; path = PillTag.swift; sourceTree = "<group>"; };
		D01F0A30ECEF910101E1407A /* Font+stillpoint.swift */ = {isa = PBXFileReference; lastKnownFileType = sourcecode.swift; path = "Font+stillpoint.swift"; sourceTree = "<group>"; };
		D0C073DC7DC73EF137A3BFD1 /* JourneyView.swift */ = {isa = PBXFileReference; lastKnownFileType = sourcecode.swift; path = JourneyView.swift; sourceTree = "<group>"; };
		D10E1F1912E09F7092C18711 /* ActivityRepositoryImpl.swift */ = {isa = PBXFileReference; lastKnownFileType = sourcecode.swift; path = ActivityRepositoryImpl.swift; sourceTree = "<group>"; };
		D319BB12144BD99839269FE5 /* CloseButton.swift */ = {isa = PBXFileReference; lastKnownFileType = sourcecode.swift; path = CloseButton.swift; sourceTree = "<group>"; };
		D3331C0CA891739678E4AEB6 /* Streak.swift */ = {isa = PBXFileReference; lastKnownFileType = sourcecode.swift; path = Streak.swift; sourceTree = "<group>"; };
		D90A8309DD818B3DD5BCD0C0 /* UserRepository.swift */ = {isa = PBXFileReference; lastKnownFileType = sourcecode.swift; path = UserRepository.swift; sourceTree = "<group>"; };
		DB815D617329D377C5FAA65B /* DesignConstants.swift */ = {isa = PBXFileReference; lastKnownFileType = sourcecode.swift; path = DesignConstants.swift; sourceTree = "<group>"; };
		DE34A9062BE5AD0CEC22777D /* LocalJournalEntry.swift */ = {isa = PBXFileReference; lastKnownFileType = sourcecode.swift; path = LocalJournalEntry.swift; sourceTree = "<group>"; };
		E246BCD68BCA9ED728C7757B /* GoogleService-Info.plist */ = {isa = PBXFileReference; lastKnownFileType = text.plist; path = "GoogleService-Info.plist"; sourceTree = "<group>"; };
		E3ED051EF0F34B1B82372C46 /* BreathingExerciseView.swift */ = {isa = PBXFileReference; lastKnownFileType = sourcecode.swift; path = BreathingExerciseView.swift; sourceTree = "<group>"; };
		E4B9A650FB15BE218C5C6CD4 /* ForgotPasswordView.swift */ = {isa = PBXFileReference; lastKnownFileType = sourcecode.swift; path = ForgotPasswordView.swift; sourceTree = "<group>"; };
		ECA8B6712053AD7B681AAE1E /* AuthIntegrationTests.swift */ = {isa = PBXFileReference; lastKnownFileType = sourcecode.swift; path = AuthIntegrationTests.swift; sourceTree = "<group>"; };
		EF1CB9F95D188EA8C4257E71 /* HomeView.swift */ = {isa = PBXFileReference; lastKnownFileType = sourcecode.swift; path = HomeView.swift; sourceTree = "<group>"; };
		F531D37BEA00BD72303491CC /* ActivityCompleteView.swift */ = {isa = PBXFileReference; lastKnownFileType = sourcecode.swift; path = ActivityCompleteView.swift; sourceTree = "<group>"; };
		F74745676D3203A9F0926A50 /* Nunito-Bold.ttf */ = {isa = PBXFileReference; lastKnownFileType = file; path = "Nunito-Bold.ttf"; sourceTree = "<group>"; };
		FD8B41DE63BF8CDC2F81417E /* XPBadge.swift */ = {isa = PBXFileReference; lastKnownFileType = sourcecode.swift; path = XPBadge.swift; sourceTree = "<group>"; };
		FDBCC1BBDA30A6F39AF7DC4C /* Color+stillpoint.swift */ = {isa = PBXFileReference; lastKnownFileType = sourcecode.swift; path = "Color+stillpoint.swift"; sourceTree = "<group>"; };
		FDC7A286EBFD9E5102BA31BA /* Nunito-Regular.ttf */ = {isa = PBXFileReference; lastKnownFileType = file; path = "Nunito-Regular.ttf"; sourceTree = "<group>"; };
/* End PBXFileReference section */

/* Begin PBXFrameworksBuildPhase section */
		6BEF11B6161C134866094AD7 /* Frameworks */ = {
			isa = PBXFrameworksBuildPhase;
			buildActionMask = 2147483647;
			files = (
				28159FA6F29C22BCB0817899 /* FirebaseAuth in Frameworks */,
				D057BC9A39AEDA2EF2C31D2A /* FirebaseFirestore in Frameworks */,
				3F69A1C77A6458EAC5A9E731 /* FirebaseFunctions in Frameworks */,
			);
			runOnlyForDeploymentPostprocessing = 0;
		};
/* End PBXFrameworksBuildPhase section */

/* Begin PBXGroup section */
		16E611A3794281AF57E44C21 /* Mocks */ = {
			isa = PBXGroup;
			children = (
				25004BA0D2EBB7E258270FC5 /* MockAuthRepository.swift */,
				B137FCAB292CBC235350A335 /* MockAuthService.swift */,
			);
			path = Mocks;
			sourceTree = "<group>";
		};
		1D1DF5B4768969F64A460348 /* stillpointTests */ = {
			isa = PBXGroup;
			children = (
				81AB255B806412E2337E311F /* Auth */,
				777A6982CE683DD6B454DDFD /* Data */,
				77BEBA02424DC0563DD7063A /* Helpers */,
				FC63E3DEC73A7E21A3BD6888 /* Integration */,
				16E611A3794281AF57E44C21 /* Mocks */,
			);
			path = stillpointTests;
			sourceTree = "<group>";
		};
		339890F9E22AE68FC4AE5E1D /* Data */ = {
			isa = PBXGroup;
			children = (
				BD69710910880307387C5C8F /* Local */,
				9A9AD512B340F8E98B23D584 /* Remote */,
				6294D0E0E6558B2DA86C3F85 /* Repositories */,
			);
			path = Data;
			sourceTree = "<group>";
		};
		47A425945A1D5A185B384FD9 /* Auth */ = {
			isa = PBXGroup;
			children = (
				238AD69A5CFB4E21DE408940 /* AuthContainerView.swift */,
				725F278109258114D72A1F95 /* AuthTextField.swift */,
				9372639BF26CCA70E2E812DA /* AuthViewModel.swift */,
				E4B9A650FB15BE218C5C6CD4 /* ForgotPasswordView.swift */,
				71D31593FB2780AE2755143D /* LoginView.swift */,
				6AB938F7AB47BE9E204496B5 /* RegisterView.swift */,
			);
			path = Auth;
			sourceTree = "<group>";
		};
		48286A3F9B0C9496A076D753 /* DesignSystem */ = {
			isa = PBXGroup;
			children = (
				7B9BA54589142E26C0972074 /* Components */,
				53B8E6A450CF4F7C47BC643D /* Tokens */,
			);
			path = DesignSystem;
			sourceTree = "<group>";
		};
		53B8E6A450CF4F7C47BC643D /* Tokens */ = {
			isa = PBXGroup;
			children = (
				FDBCC1BBDA30A6F39AF7DC4C /* Color+stillpoint.swift */,
				DB815D617329D377C5FAA65B /* DesignConstants.swift */,
				D01F0A30ECEF910101E1407A /* Font+stillpoint.swift */,
			);
			path = Tokens;
			sourceTree = "<group>";
		};
		53EE09C204BCD96D6088A626 /* Protocols */ = {
			isa = PBXGroup;
			children = (
				82B4CE1AE96033A0A81A5F12 /* ActivityRepository.swift */,
				38010B409F9D6788760163E7 /* AuthRepository.swift */,
				CE942CE8228973F672259FBC /* MoodRepository.swift */,
				D90A8309DD818B3DD5BCD0C0 /* UserRepository.swift */,
			);
			path = Protocols;
			sourceTree = "<group>";
		};
		5926EE8B543A6BCFB88E6D91 /* Features */ = {
			isa = PBXGroup;
			children = (
				47A425945A1D5A185B384FD9 /* Auth */,
				A46978625148209CAFA6F4BF /* Home */,
				5C912FA45E98942888D4A586 /* Journey */,
				F9EC8D4405C62C883BA36FF7 /* Profile */,
				F5E1CC72D98B3A04CD027362 /* Schedule */,
			);
			path = Features;
			sourceTree = "<group>";
		};
		5C912FA45E98942888D4A586 /* Journey */ = {
			isa = PBXGroup;
			children = (
				D0C073DC7DC73EF137A3BFD1 /* JourneyView.swift */,
			);
			path = Journey;
			sourceTree = "<group>";
		};
		61119E24C340943DB7C79AA5 /* Fonts */ = {
			isa = PBXGroup;
			children = (
				71BA03CE4B238F110B65DBA6 /* Nunito-Black.ttf */,
				F74745676D3203A9F0926A50 /* Nunito-Bold.ttf */,
				72F4BE53E7CA8CCDD7B65FF6 /* Nunito-ExtraBold.ttf */,
				FDC7A286EBFD9E5102BA31BA /* Nunito-Regular.ttf */,
				0D2192FD0EC71D4A00E2A4CE /* Nunito-SemiBold.ttf */,
			);
			path = Fonts;
			sourceTree = "<group>";
		};
		6294D0E0E6558B2DA86C3F85 /* Repositories */ = {
			isa = PBXGroup;
			children = (
				D10E1F1912E09F7092C18711 /* ActivityRepositoryImpl.swift */,
				7BE3E461C1B2D48A52573AF5 /* AuthRepositoryImpl.swift */,
				C190D83D4926A610706E75B6 /* MoodRepositoryImpl.swift */,
				CD4A999A60D22F9B24F5EA7B /* UserRepositoryImpl.swift */,
			);
			path = Repositories;
			sourceTree = "<group>";
		};
		64F3D91D430E3B3877E2FF59 = {
			isa = PBXGroup;
			children = (
				8AFCE8F78BB9BCD096618992 /* stillpoint */,
				1D1DF5B4768969F64A460348 /* stillpointTests */,
				BD376715F1A8C4FD78E69D21 /* Products */,
			);
			sourceTree = "<group>";
		};
		6C752B6FB3000456BF6FA828 /* Resources */ = {
			isa = PBXGroup;
			children = (
				42ACF69203A29C7903F5BB06 /* Assets.xcassets */,
				E246BCD68BCA9ED728C7757B /* GoogleService-Info.plist */,
				C34AF8DC591E1B4850F8BE4B /* Info.plist */,
				61119E24C340943DB7C79AA5 /* Fonts */,
			);
			path = Resources;
			sourceTree = "<group>";
		};
		6FD5323BF9D20C8D2FA7B2E3 /* Entities */ = {
			isa = PBXGroup;
			children = (
				051DEC6759A876A06406DDEA /* Activity.swift */,
				7FE3722C2D84CA66E15C17DB /* ActivityCompletion.swift */,
				B01FFCFE8D81E81C20862D88 /* ActivitySuggestion.swift */,
				618D6278B5CEA2DA998B1638 /* Badge.swift */,
				6FD48E58D1ADB6723C8EFC79 /* CharacterSelection.swift */,
				27A64B1B855E6938F96C120B /* GamificationStatus.swift */,
				6C355C507CC89ADEDA6C964D /* Mood.swift */,
				8A9FA9F9B0426528E0EBD486 /* Report.swift */,
				D3331C0CA891739678E4AEB6 /* Streak.swift */,
				31C19A8B833B864FE70768E6 /* UserProfile.swift */,
			);
			path = Entities;
			sourceTree = "<group>";
		};
		777A6982CE683DD6B454DDFD /* Data */ = {
			isa = PBXGroup;
			children = (
				1DB49C5B60960F7198CDE62F /* FirestoreServiceTests.swift */,
			);
			path = Data;
			sourceTree = "<group>";
		};
		77BEBA02424DC0563DD7063A /* Helpers */ = {
			isa = PBXGroup;
			children = (
				1077447EA73C3FBEAA2C524B /* TestFixtures.swift */,
			);
			path = Helpers;
			sourceTree = "<group>";
		};
		7B9BA54589142E26C0972074 /* Components */ = {
			isa = PBXGroup;
			children = (
				C3FA5EE8C52D6F623CE48829 /* ActivityCard.swift */,
				681D8E6BE129B0BEE084864C /* BadgeItem.swift */,
				D319BB12144BD99839269FE5 /* CloseButton.swift */,
				CFF3D814DC772059425EB6C9 /* PillTag.swift */,
				6866E05F87E746CF5B6FB45A /* PrimaryCTA.swift */,
				836858CCC148B74DA956834D /* SecondaryCTA.swift */,
				3B5F09846DC193F222C64F85 /* SectionCard.swift */,
				493CB5462DCC9F9ABBC9DCC8 /* SegmentedControl.swift */,
				BFE39580EFB64E83059659F7 /* StatsRow.swift */,
				8787CA23442FD8F2E0B982DE /* TabBarView.swift */,
				FD8B41DE63BF8CDC2F81417E /* XPBadge.swift */,
			);
			path = Components;
			sourceTree = "<group>";
		};
		81AB255B806412E2337E311F /* Auth */ = {
			isa = PBXGroup;
			children = (
				40D34A74B6CD5F59F0AEEDE8 /* AuthRepositoryTests.swift */,
				7804420B04ABD478B3D6EFDC /* AuthViewModelTests.swift */,
			);
			path = Auth;
			sourceTree = "<group>";
		};
		8AFCE8F78BB9BCD096618992 /* stillpoint */ = {
			isa = PBXGroup;
			children = (
				D47E6A74AEABDCE6B7E7CE08 /* App */,
				339890F9E22AE68FC4AE5E1D /* Data */,
				48286A3F9B0C9496A076D753 /* DesignSystem */,
				955EB5F38F1E78DF8B109659 /* Domain */,
				5926EE8B543A6BCFB88E6D91 /* Features */,
				6C752B6FB3000456BF6FA828 /* Resources */,
			);
			path = stillpoint;
			sourceTree = "<group>";
		};
		955EB5F38F1E78DF8B109659 /* Domain */ = {
			isa = PBXGroup;
			children = (
				6FD5323BF9D20C8D2FA7B2E3 /* Entities */,
				53EE09C204BCD96D6088A626 /* Protocols */,
			);
			path = Domain;
			sourceTree = "<group>";
		};
		9A9AD512B340F8E98B23D584 /* Remote */ = {
			isa = PBXGroup;
			children = (
				0EB92025EEB4E3C391AFB75B /* AuthService.swift */,
				C12A4C3C22D304AB5D7AC283 /* AuthServiceProtocol.swift */,
				AF9629664F52025E29FCA30B /* FirestoreService.swift */,
			);
			path = Remote;
			sourceTree = "<group>";
		};
		A46978625148209CAFA6F4BF /* Home */ = {
			isa = PBXGroup;
			children = (
				EF1CB9F95D188EA8C4257E71 /* HomeView.swift */,
				AE9991DECD757B1B99A7B4B5 /* Activities */,
			);
			path = Home;
			sourceTree = "<group>";
		};
		AE9991DECD757B1B99A7B4B5 /* Activities */ = {
			isa = PBXGroup;
			children = (
				F531D37BEA00BD72303491CC /* ActivityCompleteView.swift */,
				E3ED051EF0F34B1B82372C46 /* BreathingExerciseView.swift */,
				786937D1904046E57E7B865C /* ColoringView.swift */,
				96743A4A9416FB42BE939477 /* DeepFocusView.swift */,
				3AB4B6B148A4A488EC95F644 /* JournalingView.swift */,
			);
			path = Activities;
			sourceTree = "<group>";
		};
		BD376715F1A8C4FD78E69D21 /* Products */ = {
			isa = PBXGroup;
			children = (
				7BB9F27743EEC556E647ECED /* stillpoint.app */,
				AAADA6C5D252DB3122C1615F /* stillpointTests.xctest */,
			);
			name = Products;
			sourceTree = "<group>";
		};
		BD69710910880307387C5C8F /* Local */ = {
			isa = PBXGroup;
			children = (
				DE34A9062BE5AD0CEC22777D /* LocalJournalEntry.swift */,
			);
			path = Local;
			sourceTree = "<group>";
		};
		D47E6A74AEABDCE6B7E7CE08 /* App */ = {
			isa = PBXGroup;
			children = (
				303A1BDDFF848BDA08B6B117 /* ContentView.swift */,
				AC595E134D5A09644DB35503 /* Dependencies.swift */,
				38D10B76F207E12556E58B3E /* stillpointApp.swift */,
			);
			path = App;
			sourceTree = "<group>";
		};
		F5E1CC72D98B3A04CD027362 /* Schedule */ = {
			isa = PBXGroup;
			children = (
				541BEB226C245E58F06836C0 /* ScheduleView.swift */,
			);
			path = Schedule;
			sourceTree = "<group>";
		};
		F9EC8D4405C62C883BA36FF7 /* Profile */ = {
			isa = PBXGroup;
			children = (
				452754C7956698AEBFAB7BA1 /* ProfileView.swift */,
			);
			path = Profile;
			sourceTree = "<group>";
		};
		FC63E3DEC73A7E21A3BD6888 /* Integration */ = {
			isa = PBXGroup;
			children = (
				ECA8B6712053AD7B681AAE1E /* AuthIntegrationTests.swift */,
				B6FF4DF76A06FD8D34EDB10D /* DataIntegrationTests.swift */,
			);
			path = Integration;
			sourceTree = "<group>";
		};
/* End PBXGroup section */

/* Begin PBXNativeTarget section */
		2CB52BDADA0762FC560E6A3F /* stillpointTests */ = {
			isa = PBXNativeTarget;
			buildConfigurationList = 1622A05D73EAF9EFD93EF1EA /* Build configuration list for PBXNativeTarget "stillpointTests" */;
			buildPhases = (
				7521514E6813CF5063C6537F /* Sources */,
			);
			buildRules = (
			);
			dependencies = (
				C928F6D3600961055E6D9DF1 /* PBXTargetDependency */,
			);
			name = stillpointTests;
			packageProductDependencies = (
			);
			productName = stillpointTests;
			productReference = AAADA6C5D252DB3122C1615F /* stillpointTests.xctest */;
			productType = "com.apple.product-type.bundle.unit-test";
		};
		A299C31EADB5EB2D1AE3AA68 /* stillpoint */ = {
			isa = PBXNativeTarget;
			buildConfigurationList = 31593D767E75187208F4EEFB /* Build configuration list for PBXNativeTarget "stillpoint" */;
			buildPhases = (
				BCABE39814DA90AA7D9D5952 /* Sources */,
				6EFAF93D773011B3F4C93C2E /* Resources */,
				6BEF11B6161C134866094AD7 /* Frameworks */,
			);
			buildRules = (
			);
			dependencies = (
			);
			name = stillpoint;
			packageProductDependencies = (
				52E8843850F1703D39A5742A /* FirebaseAuth */,
				3F9472D036C2EEDC9D974875 /* FirebaseFirestore */,
				168B30261892F1241D350238 /* FirebaseFunctions */,
			);
			productName = stillpoint;
			productReference = 7BB9F27743EEC556E647ECED /* stillpoint.app */;
			productType = "com.apple.product-type.application";
		};
/* End PBXNativeTarget section */

/* Begin PBXProject section */
		965F1393E8C514FF25C5A58A /* Project object */ = {
			isa = PBXProject;
			attributes = {
				BuildIndependentTargetsInParallel = YES;
				LastUpgradeCheck = 2640;
				TargetAttributes = {
				};
			};
			buildConfigurationList = B17FD31FD1855C740C6E9A7F /* Build configuration list for PBXProject "stillpoint" */;
			developmentRegion = en;
			hasScannedForEncodings = 0;
			knownRegions = (
				Base,
				en,
			);
			mainGroup = 64F3D91D430E3B3877E2FF59;
			minimizedProjectReferenceProxies = 1;
			packageReferences = (
				EABCFE1952CBF942D6990D36 /* XCRemoteSwiftPackageReference "firebase-ios-sdk" */,
			);
			preferredProjectObjectVersion = 77;
			productRefGroup = BD376715F1A8C4FD78E69D21 /* Products */;
			projectDirPath = "";
			projectRoot = "";
			targets = (
				A299C31EADB5EB2D1AE3AA68 /* stillpoint */,
				2CB52BDADA0762FC560E6A3F /* stillpointTests */,
			);
		};
/* End PBXProject section */

/* Begin PBXResourcesBuildPhase section */
		6EFAF93D773011B3F4C93C2E /* Resources */ = {
			isa = PBXResourcesBuildPhase;
			buildActionMask = 2147483647;
			files = (
				6A1D20B328EC540ED83AD443 /* Assets.xcassets in Resources */,
				E746E280FFA7394114E16FE7 /* GoogleService-Info.plist in Resources */,
				770523436B98B0B6C21BAA64 /* Nunito-Black.ttf in Resources */,
				1B5D8728902895A0AC8B49A2 /* Nunito-Bold.ttf in Resources */,
				A1D3568ED1C1E918BDA7772B /* Nunito-ExtraBold.ttf in Resources */,
				C92D045543013989829AC63C /* Nunito-Regular.ttf in Resources */,
				528F7670055ED14503510684 /* Nunito-SemiBold.ttf in Resources */,
			);
			runOnlyForDeploymentPostprocessing = 0;
		};
/* End PBXResourcesBuildPhase section */

/* Begin PBXSourcesBuildPhase section */
		7521514E6813CF5063C6537F /* Sources */ = {
			isa = PBXSourcesBuildPhase;
			buildActionMask = 2147483647;
			files = (
				DA0CC4C97E4A50F1C528C24E /* AuthIntegrationTests.swift in Sources */,
				C1BB46C5A36DBF5178E86C4B /* AuthRepositoryTests.swift in Sources */,
				CB81293F2CE7CDAE63B5D9DC /* AuthViewModelTests.swift in Sources */,
				9EFDFD47A6CDB5D2BD6CE112 /* DataIntegrationTests.swift in Sources */,
				7EE33FC5C9043E6DCE6006DD /* FirestoreServiceTests.swift in Sources */,
				2B43549B932A9728B105BDB8 /* MockAuthRepository.swift in Sources */,
				596D4354279F02513F46C7C5 /* MockAuthService.swift in Sources */,
				7D37F72E8381580E48897ED3 /* TestFixtures.swift in Sources */,
			);
			runOnlyForDeploymentPostprocessing = 0;
		};
		BCABE39814DA90AA7D9D5952 /* Sources */ = {
			isa = PBXSourcesBuildPhase;
			buildActionMask = 2147483647;
			files = (
				83C00030390BF0DAAFA24788 /* Activity.swift in Sources */,
				E34269D82CBDC7E54F73C0D9 /* ActivityCard.swift in Sources */,
				78BA71AF4725DBAB55AF0664 /* ActivityCompleteView.swift in Sources */,
				35E48E37803680CFC74F3EE9 /* ActivityCompletion.swift in Sources */,
				5B50470C7F8BCDF39DF28F2E /* ActivityRepository.swift in Sources */,
				2444FB29D663CAFC9C396DC2 /* ActivityRepositoryImpl.swift in Sources */,
				297505A33562988BC0E84814 /* ActivitySuggestion.swift in Sources */,
				1E8E02D6E4B167B526609929 /* AuthContainerView.swift in Sources */,
				3C29FB6DEE905130C51E6D61 /* AuthRepository.swift in Sources */,
				A394E5D58812DFF275637E7F /* AuthRepositoryImpl.swift in Sources */,
				B7FA984BF2B2B65F6AC679C6 /* AuthService.swift in Sources */,
				551B541891C045792CBFFC68 /* AuthServiceProtocol.swift in Sources */,
				A0C6B05ACFA48215F26550EE /* AuthTextField.swift in Sources */,
				203F04C0250415BB7BDF5E63 /* AuthViewModel.swift in Sources */,
				B00506B1EE6A390677EC2971 /* Badge.swift in Sources */,
				2E38C7D999BD91F2A68CA707 /* BadgeItem.swift in Sources */,
				18A2059A666638279B79EA0D /* BreathingExerciseView.swift in Sources */,
				67FFF59B58B3738311604D9A /* CharacterSelection.swift in Sources */,
				884331003F1BDBE0F8FE96C6 /* CloseButton.swift in Sources */,
				96E1BABA53862B5DBFB3C8DF /* Color+stillpoint.swift in Sources */,
				4AF706EC0DBED3B09CF1114E /* ColoringView.swift in Sources */,
				D08699B2326A8F864BE0CA7E /* ContentView.swift in Sources */,
				D5561640664CAF7741197AA2 /* DeepFocusView.swift in Sources */,
				682D9A9E449453B6861A4A65 /* Dependencies.swift in Sources */,
				DFD1AA6ED9CAABE542B195C5 /* DesignConstants.swift in Sources */,
				141E89184D2E324F6DE566AF /* FirestoreService.swift in Sources */,
				BA86ABA43C761A5180748661 /* Font+stillpoint.swift in Sources */,
				11726FF3F0276A85C78A5395 /* ForgotPasswordView.swift in Sources */,
				E68639D7D80CC931725C8971 /* GamificationStatus.swift in Sources */,
				31EE76A8807F4DACD573266A /* HomeView.swift in Sources */,
				78C2FC406E4D3A90B8EC1A7B /* JournalingView.swift in Sources */,
				18113907FBC1B58ACF94AC08 /* JourneyView.swift in Sources */,
				5E2B59C1F0C611C2F3B53EE1 /* LocalJournalEntry.swift in Sources */,
				C3068AB8DC2302A6BA2FB642 /* LoginView.swift in Sources */,
				1422B48B98F65E3EA14A3D56 /* Mood.swift in Sources */,
				BB28F1E0AF57A3291CBF4EFA /* MoodRepository.swift in Sources */,
				2962E4B9087ACA10E8658675 /* MoodRepositoryImpl.swift in Sources */,
				8BD8D94319F7324D7CC34868 /* PillTag.swift in Sources */,
				BFA32D52DBEC9C8BB3764C9A /* PrimaryCTA.swift in Sources */,
				F10F656F5079442277A80FCB /* ProfileView.swift in Sources */,
				02EBA740C39E4A533852FAE1 /* RegisterView.swift in Sources */,
				88097A0CD576C85D147E6032 /* Report.swift in Sources */,
				C5ED755B927EE26FF0CE6C0B /* ScheduleView.swift in Sources */,
				57B96D57B223EF487F3CB612 /* SecondaryCTA.swift in Sources */,
				5FEA7673EB270CC5A5697BE6 /* SectionCard.swift in Sources */,
				BB2D125A84013C47FF922226 /* SegmentedControl.swift in Sources */,
				632A3C08C7E8A54B4438F5DD /* StatsRow.swift in Sources */,
				480C7934ED811B201871BCA0 /* Streak.swift in Sources */,
				81E9CC0DB935D81208DDAD5A /* TabBarView.swift in Sources */,
				C2B8EE56618E81622B4DEF90 /* UserProfile.swift in Sources */,
				9FEBED4BE160A3F380E14B5F /* UserRepository.swift in Sources */,
				63B6C0FF532F80439E9926D3 /* UserRepositoryImpl.swift in Sources */,
				D486866B12E394517D235476 /* XPBadge.swift in Sources */,
				FAFFE0998C6BB1927EC18BE9 /* stillpointApp.swift in Sources */,
			);
			runOnlyForDeploymentPostprocessing = 0;
		};
/* End PBXSourcesBuildPhase section */

/* Begin PBXTargetDependency section */
		C928F6D3600961055E6D9DF1 /* PBXTargetDependency */ = {
			isa = PBXTargetDependency;
			target = A299C31EADB5EB2D1AE3AA68 /* stillpoint */;
			targetProxy = 020B729CC3027DB14EF49C87 /* PBXContainerItemProxy */;
		};
/* End PBXTargetDependency section */

/* Begin XCBuildConfiguration section */
		02CE80406ED5817C8DEBB75E /* Debug */ = {
			isa = XCBuildConfiguration;
			buildSettings = {
				ALWAYS_SEARCH_USER_PATHS = NO;
				CLANG_ANALYZER_NONNULL = YES;
				CLANG_ANALYZER_NUMBER_OBJECT_CONVERSION = YES_AGGRESSIVE;
				CLANG_CXX_LANGUAGE_STANDARD = "gnu++14";
				CLANG_CXX_LIBRARY = "libc++";
				CLANG_ENABLE_MODULES = YES;
				CLANG_ENABLE_OBJC_ARC = YES;
				CLANG_ENABLE_OBJC_WEAK = YES;
				CLANG_WARN_BLOCK_CAPTURE_AUTORELEASING = YES;
				CLANG_WARN_BOOL_CONVERSION = YES;
				CLANG_WARN_COMMA = YES;
				CLANG_WARN_CONSTANT_CONVERSION = YES;
				CLANG_WARN_DEPRECATED_OBJC_IMPLEMENTATIONS = YES;
				CLANG_WARN_DIRECT_OBJC_ISA_USAGE = YES_ERROR;
				CLANG_WARN_DOCUMENTATION_COMMENTS = YES;
				CLANG_WARN_EMPTY_BODY = YES;
				CLANG_WARN_ENUM_CONVERSION = YES;
				CLANG_WARN_INFINITE_RECURSION = YES;
				CLANG_WARN_INT_CONVERSION = YES;
				CLANG_WARN_NON_LITERAL_NULL_CONVERSION = YES;
				CLANG_WARN_OBJC_IMPLICIT_RETAIN_SELF = YES;
				CLANG_WARN_OBJC_LITERAL_CONVERSION = YES;
				CLANG_WARN_OBJC_ROOT_CLASS = YES_ERROR;
				CLANG_WARN_QUOTED_INCLUDE_IN_FRAMEWORK_HEADER = YES;
				CLANG_WARN_RANGE_LOOP_ANALYSIS = YES;
				CLANG_WARN_STRICT_PROTOTYPES = YES;
				CLANG_WARN_SUSPICIOUS_MOVE = YES;
				CLANG_WARN_UNGUARDED_AVAILABILITY = YES_AGGRESSIVE;
				CLANG_WARN_UNREACHABLE_CODE = YES;
				CLANG_WARN__DUPLICATE_METHOD_MATCH = YES;
				COPY_PHASE_STRIP = NO;
				DEBUG_INFORMATION_FORMAT = dwarf;
				ENABLE_STRICT_OBJC_MSGSEND = YES;
				ENABLE_TESTABILITY = YES;
				GCC_C_LANGUAGE_STANDARD = gnu11;
				GCC_DYNAMIC_NO_PIC = NO;
				GCC_NO_COMMON_BLOCKS = YES;
				GCC_OPTIMIZATION_LEVEL = 0;
				GCC_PREPROCESSOR_DEFINITIONS = (
					"$(inherited)",
					"DEBUG=1",
				);
				GCC_WARN_64_TO_32_BIT_CONVERSION = YES;
				GCC_WARN_ABOUT_RETURN_TYPE = YES_ERROR;
				GCC_WARN_UNDECLARED_SELECTOR = YES;
				GCC_WARN_UNINITIALIZED_AUTOS = YES_AGGRESSIVE;
				GCC_WARN_UNUSED_FUNCTION = YES;
				GCC_WARN_UNUSED_VARIABLE = YES;
				IPHONEOS_DEPLOYMENT_TARGET = 17.0;
				MTL_ENABLE_DEBUG_INFO = INCLUDE_SOURCE;
				MTL_FAST_MATH = YES;
				ONLY_ACTIVE_ARCH = YES;
				PRODUCT_NAME = "$(TARGET_NAME)";
				SDKROOT = iphoneos;
				SWIFT_ACTIVE_COMPILATION_CONDITIONS = DEBUG;
				SWIFT_OPTIMIZATION_LEVEL = "-Onone";
				SWIFT_STRICT_CONCURRENCY = complete;
				SWIFT_VERSION = 6.1;
			};
			name = Debug;
		};
		32D8BA4D288D3ADF76937386 /* Debug */ = {
			isa = XCBuildConfiguration;
			buildSettings = {
				BUNDLE_LOADER = "$(TEST_HOST)";
				GENERATE_INFOPLIST_FILE = YES;
				LD_RUNPATH_SEARCH_PATHS = (
					"$(inherited)",
					"@executable_path/Frameworks",
					"@loader_path/Frameworks",
				);
				PRODUCT_BUNDLE_IDENTIFIER = com.stillpoint.app.tests;
				SDKROOT = iphoneos;
				TARGETED_DEVICE_FAMILY = "1,2";
				TEST_HOST = "$(BUILT_PRODUCTS_DIR)/stillpoint.app/stillpoint";
			};
			name = Debug;
		};
		43DBE1BD28694432AFD387E8 /* Release */ = {
			isa = XCBuildConfiguration;
			buildSettings = {
				ASSETCATALOG_COMPILER_APPICON_NAME = AppIcon;
				CODE_SIGN_IDENTITY = "iPhone Developer";
				CURRENT_PROJECT_VERSION = 1;
				INFOPLIST_FILE = stillpoint/Resources/Info.plist;
				LD_RUNPATH_SEARCH_PATHS = (
					"$(inherited)",
					"@executable_path/Frameworks",
				);
				MARKETING_VERSION = 1.0.0;
				PRODUCT_BUNDLE_IDENTIFIER = com.stillpoint.app;
				SDKROOT = iphoneos;
				TARGETED_DEVICE_FAMILY = "1,2";
			};
			name = Release;
		};
		8C2CB81A0D1D4C5D7D80E1D9 /* Release */ = {
			isa = XCBuildConfiguration;
			buildSettings = {
				BUNDLE_LOADER = "$(TEST_HOST)";
				GENERATE_INFOPLIST_FILE = YES;
				LD_RUNPATH_SEARCH_PATHS = (
					"$(inherited)",
					"@executable_path/Frameworks",
					"@loader_path/Frameworks",
				);
				PRODUCT_BUNDLE_IDENTIFIER = com.stillpoint.app.tests;
				SDKROOT = iphoneos;
				TARGETED_DEVICE_FAMILY = "1,2";
				TEST_HOST = "$(BUILT_PRODUCTS_DIR)/stillpoint.app/stillpoint";
			};
			name = Release;
		};
		C576D7C1F341F6458B6F5CEB /* Release */ = {
			isa = XCBuildConfiguration;
			buildSettings = {
				ALWAYS_SEARCH_USER_PATHS = NO;
				CLANG_ANALYZER_NONNULL = YES;
				CLANG_ANALYZER_NUMBER_OBJECT_CONVERSION = YES_AGGRESSIVE;
				CLANG_CXX_LANGUAGE_STANDARD = "gnu++14";
				CLANG_CXX_LIBRARY = "libc++";
				CLANG_ENABLE_MODULES = YES;
				CLANG_ENABLE_OBJC_ARC = YES;
				CLANG_ENABLE_OBJC_WEAK = YES;
				CLANG_WARN_BLOCK_CAPTURE_AUTORELEASING = YES;
				CLANG_WARN_BOOL_CONVERSION = YES;
				CLANG_WARN_COMMA = YES;
				CLANG_WARN_CONSTANT_CONVERSION = YES;
				CLANG_WARN_DEPRECATED_OBJC_IMPLEMENTATIONS = YES;
				CLANG_WARN_DIRECT_OBJC_ISA_USAGE = YES_ERROR;
				CLANG_WARN_DOCUMENTATION_COMMENTS = YES;
				CLANG_WARN_EMPTY_BODY = YES;
				CLANG_WARN_ENUM_CONVERSION = YES;
				CLANG_WARN_INFINITE_RECURSION = YES;
				CLANG_WARN_INT_CONVERSION = YES;
				CLANG_WARN_NON_LITERAL_NULL_CONVERSION = YES;
				CLANG_WARN_OBJC_IMPLICIT_RETAIN_SELF = YES;
				CLANG_WARN_OBJC_LITERAL_CONVERSION = YES;
				CLANG_WARN_OBJC_ROOT_CLASS = YES_ERROR;
				CLANG_WARN_QUOTED_INCLUDE_IN_FRAMEWORK_HEADER = YES;
				CLANG_WARN_RANGE_LOOP_ANALYSIS = YES;
				CLANG_WARN_STRICT_PROTOTYPES = YES;
				CLANG_WARN_SUSPICIOUS_MOVE = YES;
				CLANG_WARN_UNGUARDED_AVAILABILITY = YES_AGGRESSIVE;
				CLANG_WARN_UNREACHABLE_CODE = YES;
				CLANG_WARN__DUPLICATE_METHOD_MATCH = YES;
				COPY_PHASE_STRIP = NO;
				DEBUG_INFORMATION_FORMAT = "dwarf-with-dsym";
				ENABLE_NS_ASSERTIONS = NO;
				ENABLE_STRICT_OBJC_MSGSEND = YES;
				GCC_C_LANGUAGE_STANDARD = gnu11;
				GCC_NO_COMMON_BLOCKS = YES;
				GCC_WARN_64_TO_32_BIT_CONVERSION = YES;
				GCC_WARN_ABOUT_RETURN_TYPE = YES_ERROR;
				GCC_WARN_UNDECLARED_SELECTOR = YES;
				GCC_WARN_UNINITIALIZED_AUTOS = YES_AGGRESSIVE;
				GCC_WARN_UNUSED_FUNCTION = YES;
				GCC_WARN_UNUSED_VARIABLE = YES;
				IPHONEOS_DEPLOYMENT_TARGET = 17.0;
				MTL_ENABLE_DEBUG_INFO = NO;
				MTL_FAST_MATH = YES;
				PRODUCT_NAME = "$(TARGET_NAME)";
				SDKROOT = iphoneos;
				SWIFT_COMPILATION_MODE = wholemodule;
				SWIFT_OPTIMIZATION_LEVEL = "-O";
				SWIFT_STRICT_CONCURRENCY = complete;
				SWIFT_VERSION = 6.1;
			};
			name = Release;
		};
		FAA90511B56F9136CD50341C /* Debug */ = {
			isa = XCBuildConfiguration;
			buildSettings = {
				ASSETCATALOG_COMPILER_APPICON_NAME = AppIcon;
				CODE_SIGN_IDENTITY = "iPhone Developer";
				CURRENT_PROJECT_VERSION = 1;
				INFOPLIST_FILE = stillpoint/Resources/Info.plist;
				LD_RUNPATH_SEARCH_PATHS = (
					"$(inherited)",
					"@executable_path/Frameworks",
				);
				MARKETING_VERSION = 1.0.0;
				PRODUCT_BUNDLE_IDENTIFIER = com.stillpoint.app;
				SDKROOT = iphoneos;
				TARGETED_DEVICE_FAMILY = "1,2";
			};
			name = Debug;
		};
/* End XCBuildConfiguration section */

/* Begin XCConfigurationList section */
		1622A05D73EAF9EFD93EF1EA /* Build configuration list for PBXNativeTarget "stillpointTests" */ = {
			isa = XCConfigurationList;
			buildConfigurations = (
				32D8BA4D288D3ADF76937386 /* Debug */,
				8C2CB81A0D1D4C5D7D80E1D9 /* Release */,
			);
			defaultConfigurationIsVisible = 0;
			defaultConfigurationName = Debug;
		};
		31593D767E75187208F4EEFB /* Build configuration list for PBXNativeTarget "stillpoint" */ = {
			isa = XCConfigurationList;
			buildConfigurations = (
				FAA90511B56F9136CD50341C /* Debug */,
				43DBE1BD28694432AFD387E8 /* Release */,
			);
			defaultConfigurationIsVisible = 0;
			defaultConfigurationName = Debug;
		};
		B17FD31FD1855C740C6E9A7F /* Build configuration list for PBXProject "stillpoint" */ = {
			isa = XCConfigurationList;
			buildConfigurations = (
				02CE80406ED5817C8DEBB75E /* Debug */,
				C576D7C1F341F6458B6F5CEB /* Release */,
			);
			defaultConfigurationIsVisible = 0;
			defaultConfigurationName = Debug;
		};
/* End XCConfigurationList section */

/* Begin XCRemoteSwiftPackageReference section */
		EABCFE1952CBF942D6990D36 /* XCRemoteSwiftPackageReference "firebase-ios-sdk" */ = {
			isa = XCRemoteSwiftPackageReference;
			repositoryURL = "https://github.com/firebase/firebase-ios-sdk";
			requirement = {
				kind = upToNextMajorVersion;
				minimumVersion = 12.16.0;
			};
		};
/* End XCRemoteSwiftPackageReference section */

/* Begin XCSwiftPackageProductDependency section */
		168B30261892F1241D350238 /* FirebaseFunctions */ = {
			isa = XCSwiftPackageProductDependency;
			package = EABCFE1952CBF942D6990D36 /* XCRemoteSwiftPackageReference "firebase-ios-sdk" */;
			productName = FirebaseFunctions;
		};
		3F9472D036C2EEDC9D974875 /* FirebaseFirestore */ = {
			isa = XCSwiftPackageProductDependency;
			package = EABCFE1952CBF942D6990D36 /* XCRemoteSwiftPackageReference "firebase-ios-sdk" */;
			productName = FirebaseFirestore;
		};
		52E8843850F1703D39A5742A /* FirebaseAuth */ = {
			isa = XCSwiftPackageProductDependency;
			package = EABCFE1952CBF942D6990D36 /* XCRemoteSwiftPackageReference "firebase-ios-sdk" */;
			productName = FirebaseAuth;
		};
/* End XCSwiftPackageProductDependency section */
	};
	rootObject = 965F1393E8C514FF25C5A58A /* Project object */;
}
